
Microsoft Visual Studio Solution File, Format Version 12.00
# Visual Studio Version 17
VisualStudioVersion = 17.0.32002.185
MinimumVisualStudioVersion = 10.0.40219.1
Project("{FAE04EC0-301F-11D3-BF4B-00C04F79EFBC}") = "1. Hello World", "1. Hello World.csproj", "{628C116F-1859-4E31-947C-B66907B71A0F}"
EndProject
Global
	GlobalSection(SolutionConfigurationPlatforms) = preSolution
		Debug|Any CPU = Debug|Any CPU
		Release|Any CPU = Release|Any CPU
	EndGlobalSection
	GlobalSection(ProjectConfigurationPlatforms) = postSolution
		{628C116F-1859-4E31-947C-B66907B71A0F}.Debug|Any CPU.ActiveCfg = Debug|Any CPU
		{628C116F-1859-4E31-947C-B66907B71A0F}.Debug|Any CPU.Build.0 = Debug|Any CPU
		{628C116F-1859-4E31-947C-B66907B71A0F}.Release|Any CPU.ActiveCfg = Release|Any CPU
		{628C116F-1859-4E31-947C-B66907B71A0F}.Release|Any CPU.Build.0 = Release|Any CPU
	EndGlobalSection
	GlobalSection(SolutionProperties) = preSolution
		HideSolutionNode = FALSE
	EndGlobalSection
	GlobalSection(ExtensibilityGlobals) = postSolution
		SolutionGuid = {D5E11D43-F0DC-4FDB-B2FB-AC62200119BB}
	EndGlobalSection
EndGlobal
